
Microsoft Visual Studio Solution File, Format Version 12.00
# Visual Studio Version 16
VisualStudioVersion = 16.0.30907.101
MinimumVisualStudioVersion = 10.0.40219.1
Project("{FAE04EC0-301F-11D3-BF4B-00C04F79EFBC}") = "NUnitTestProject_Calculator", "NUnitTestProject_Calculator\NUnitTestProject_Calculator.csproj", "{7A7258B4-DE8C-44D7-9C70-8C602FAFF8AA}"
EndProject
Global
	GlobalSection(SolutionConfigurationPlatforms) = preSolution
		Debug|Any CPU = Debug|Any CPU
		Release|Any CPU = Release|Any CPU
	EndGlobalSection
	GlobalSection(ProjectConfigurationPlatforms) = postSolution
		{7A7258B4-DE8C-44D7-9C70-8C602FAFF8AA}.Debug|Any CPU.ActiveCfg = Debug|Any CPU
		{7A7258B4-DE8C-44D7-9C70-8C602FAFF8AA}.Debug|Any CPU.Build.0 = Debug|Any CPU
		{7A7258B4-DE8C-44D7-9C70-8C602FAFF8AA}.Release|Any CPU.ActiveCfg = Release|Any CPU
		{7A7258B4-DE8C-44D7-9C70-8C602FAFF8AA}.Release|Any CPU.Build.0 = Release|Any CPU
	EndGlobalSection
	GlobalSection(SolutionProperties) = preSolution
		HideSolutionNode = FALSE
	EndGlobalSection
	GlobalSection(ExtensibilityGlobals) = postSolution
		SolutionGuid = {161855CF-EC95-4D1A-9480-C0F3184630F0}
	EndGlobalSection
EndGlobal
